{
  "name": "postman-to-openapi-json-extended",
  "version": "1.0.0",
  "lockfileVersion": 2,
  "requires": true,
  "packages": {
    "": {
      "name": "postman-to-openapi-json-extended",
      "version": "1.0.0",
      "license": "MIT",
      "dependencies": {
        "colors": "^1.4.0",
        "commander": "^8.3.0",
        "generate-schema": "^2.6.0",
        "json-schema-ref-parser": "^1.0.3",
        "lodash": "^4.17.21",
        "obj-flatten": "^2.0.6",
        "postman-to-openapi": "^1.19.0",
        "yamljs": "^0.3.0"
      },
      "bin": {
        "p2ojx": "bin/index.js"
      }
    },
    "node_modules/argparse": {
      "version": "2.0.1",
      "resolved": "https://registry.npmjs.org/argparse/-/argparse-2.0.1.tgz",
      "integrity": "sha512-8+9WqebbFzpX9OR+Wa6O29asIogeRMzcGtAINdpMHHyAg10f05aSFVBbcEqGf/PXw1EjAZ+q2/bEBg3DvurK3Q=="
    },
    "node_modules/balanced-match": {
      "version": "1.0.2",
      "resolved": "https://registry.npmjs.org/balanced-match/-/balanced-match-1.0.2.tgz",
      "integrity": "sha512-3oSeUO0TMV67hN1AmbXsK4yaqU7tjiHlbxRDZOpH0KW9+CeX4bRAaX0Anxt0tx2MrpRpWwQaPwIlISEJhYU5Pw=="
    },
    "node_modules/brace-expansion": {
      "version": "1.1.11",
      "resolved": "https://registry.npmjs.org/brace-expansion/-/brace-expansion-1.1.11.tgz",
      "integrity": "sha512-iCuPHDFgrHX7H2vEI/5xpz07zSHB00TpugqhmYtVmMO6518mCuRMoOYFldEBl0g187ufozdaHgWKcYFb61qGiA==",
      "dependencies": {
        "balanced-match": "^1.0.0",
        "concat-map": "0.0.1"
      }
    },
    "node_modules/colors": {
      "version": "1.4.0",
      "resolved": "https://registry.npmjs.org/colors/-/colors-1.4.0.tgz",
      "integrity": "sha512-a+UqTh4kgZg/SlGvfbzDHpgRu7AAQOmmqRHJnxhRZICKFUT91brVhNNt58CMWU9PsBbv3PDCZUHbVxuDiH2mtA==",
      "engines": {
        "node": ">=0.1.90"
      }
    },
    "node_modules/commander": {
      "version": "8.3.0",
      "resolved": "https://registry.npmjs.org/commander/-/commander-8.3.0.tgz",
      "integrity": "sha512-OkTL9umf+He2DZkUq8f8J9of7yL6RJKI24dVITBmNfZBmri9zYZQrKkuXiKhyfPSu8tUhnVBB1iKXevvnlR4Ww==",
      "engines": {
        "node": ">= 12"
      }
    },
    "node_modules/concat-map": {
      "version": "0.0.1",
      "resolved": "https://registry.npmjs.org/concat-map/-/concat-map-0.0.1.tgz",
      "integrity": "sha1-2Klr13/Wjfd5OnMDajug1UBdR3s="
    },
    "node_modules/debug": {
      "version": "2.6.9",
      "resolved": "https://registry.npmjs.org/debug/-/debug-2.6.9.tgz",
      "integrity": "sha512-bC7ElrdJaJnPbAP+1EotYvqZsb3ecl5wi6Bfi6BJTUcNowp6cvspg0jXznRTKDjm/E7AdgFBVeAPVMNcKGsHMA==",
      "dependencies": {
        "ms": "2.0.0"
      }
    },
    "node_modules/es6-promise": {
      "version": "3.3.1",
      "resolved": "https://registry.npmjs.org/es6-promise/-/es6-promise-3.3.1.tgz",
      "integrity": "sha1-oIzd6EzNvzTQJ6FFG8kdS80ophM="
    },
    "node_modules/esprima": {
      "version": "4.0.1",
      "resolved": "https://registry.npmjs.org/esprima/-/esprima-4.0.1.tgz",
      "integrity": "sha512-eGuFFw7Upda+g4p+QHvnW0RyTX/SVeJBDM/gCtMARO0cLuT2HcEKnTPvhjV6aGeqrCB/sbNop0Kszm0jsaWU4A==",
      "bin": {
        "esparse": "bin/esparse.js",
        "esvalidate": "bin/esvalidate.js"
      },
      "engines": {
        "node": ">=4"
      }
    },
    "node_modules/fs.realpath": {
      "version": "1.0.0",
      "resolved": "https://registry.npmjs.org/fs.realpath/-/fs.realpath-1.0.0.tgz",
      "integrity": "sha1-FQStJSMVjKpA20onh8sBQRmU6k8="
    },
    "node_modules/function.name": {
      "version": "1.0.13",
      "resolved": "https://registry.npmjs.org/function.name/-/function.name-1.0.13.tgz",
      "integrity": "sha512-mVrqdoy5npWZyoXl4DxCeuVF6delDcQjVS9aPdvLYlBxtMTZDR2B5GVEQEoM1jJyspCqg3C0v4ABkLE7tp9xFA==",
      "dependencies": {
        "noop6": "^1.0.1"
      }
    },
    "node_modules/generate-schema": {
      "version": "2.6.0",
      "resolved": "https://registry.npmjs.org/generate-schema/-/generate-schema-2.6.0.tgz",
      "integrity": "sha512-EUBKfJNzT8f91xUk5X5gKtnbdejZeE065UAJ3BCzE8VEbvwKI9Pm5jaWmqVeK1MYc1g5weAVFDTSJzN7ymtTqA==",
      "dependencies": {
        "commander": "^2.9.0",
        "type-of-is": "^3.4.0"
      },
      "bin": {
        "generate-schema": "bin/generate-schema"
      }
    },
    "node_modules/generate-schema/node_modules/commander": {
      "version": "2.20.3",
      "resolved": "https://registry.npmjs.org/commander/-/commander-2.20.3.tgz",
      "integrity": "sha512-GpVkmM8vF2vQUkj2LvZmD35JxeJOLCwJ9cUkugyk2nuhbv3+mJvpLYYt+0+USMxE+oj+ey/lJEnhZw75x/OMcQ=="
    },
    "node_modules/glob": {
      "version": "7.2.0",
      "resolved": "https://registry.npmjs.org/glob/-/glob-7.2.0.tgz",
      "integrity": "sha512-lmLf6gtyrPq8tTjSmrO94wBeQbFR3HbLHbuyD69wuyQkImp2hWqMGB47OX65FBkPffO641IP9jWa1z4ivqG26Q==",
      "dependencies": {
        "fs.realpath": "^1.0.0",
        "inflight": "^1.0.4",
        "inherits": "2",
        "minimatch": "^3.0.4",
        "once": "^1.3.0",
        "path-is-absolute": "^1.0.0"
      },
      "engines": {
        "node": "*"
      },
      "funding": {
        "url": "https://github.com/sponsors/isaacs"
      }
    },
    "node_modules/inflight": {
      "version": "1.0.6",
      "resolved": "https://registry.npmjs.org/inflight/-/inflight-1.0.6.tgz",
      "integrity": "sha1-Sb1jMdfQLQwJvJEKEHW6gWW1bfk=",
      "dependencies": {
        "once": "^1.3.0",
        "wrappy": "1"
      }
    },
    "node_modules/inherits": {
      "version": "2.0.4",
      "resolved": "https://registry.npmjs.org/inherits/-/inherits-2.0.4.tgz",
      "integrity": "sha512-k/vGaX4/Yla3WzyMCvTQOXYeIHvqOKtnqBduzTHpzpQZzAskKMhZ2K+EnBiSM9zGSoIFeMpXKxa4dYeZIQqewQ=="
    },
    "node_modules/iterate-object": {
      "version": "1.3.4",
      "resolved": "https://registry.npmjs.org/iterate-object/-/iterate-object-1.3.4.tgz",
      "integrity": "sha512-4dG1D1x/7g8PwHS9aK6QV5V94+ZvyP4+d19qDv43EzImmrndysIl4prmJ1hWWIGCqrZHyaHBm6BSEWHOLnpoNw=="
    },
    "node_modules/js-yaml": {
      "version": "4.1.0",
      "resolved": "https://registry.npmjs.org/js-yaml/-/js-yaml-4.1.0.tgz",
      "integrity": "sha512-wpxZs9NoxZaJESJGIZTyDEaYpl0FKSA+FB9aJiyemKhMwkxQg63h4T1KJgUGHpTqPDNRcmmYLugrRjJlBtWvRA==",
      "dependencies": {
        "argparse": "^2.0.1"
      },
      "bin": {
        "js-yaml": "bin/js-yaml.js"
      }
    },
    "node_modules/json-schema-ref-parser": {
      "version": "1.0.3",
      "resolved": "https://registry.npmjs.org/json-schema-ref-parser/-/json-schema-ref-parser-1.0.3.tgz",
      "integrity": "sha1-BqPNTjeeLzoKKs6cI9qo4jFOJ7k=",
      "dependencies": {
        "debug": "^2.2.0",
        "es6-promise": "^3.0.2",
        "js-yaml": "^3.4.2",
        "ono": "^1.0.22"
      }
    },
    "node_modules/json-schema-ref-parser/node_modules/argparse": {
      "version": "1.0.10",
      "resolved": "https://registry.npmjs.org/argparse/-/argparse-1.0.10.tgz",
      "integrity": "sha512-o5Roy6tNG4SL/FOkCAN6RzjiakZS25RLYFrcMttJqbdd8BWrnA+fGz57iN5Pb06pvBGvl5gQ0B48dJlslXvoTg==",
      "dependencies": {
        "sprintf-js": "~1.0.2"
      }
    },
    "node_modules/json-schema-ref-parser/node_modules/js-yaml": {
      "version": "3.14.1",
      "resolved": "https://registry.npmjs.org/js-yaml/-/js-yaml-3.14.1.tgz",
      "integrity": "sha512-okMH7OXXJ7YrN9Ok3/SXrnu4iX9yOk+25nqX4imS2npuvTYDmo/QEZoqwZkYaIDk3jVvBOTOIEgEhaLOynBS9g==",
      "dependencies": {
        "argparse": "^1.0.7",
        "esprima": "^4.0.0"
      },
      "bin": {
        "js-yaml": "bin/js-yaml.js"
      }
    },
    "node_modules/lodash": {
      "version": "4.17.21",
      "resolved": "https://registry.npmjs.org/lodash/-/lodash-4.17.21.tgz",
      "integrity": "sha512-v2kDEe57lecTulaDIuNTPy3Ry4gLGJ6Z1O3vE1krgXZNrsQ+LFTGHVxVjcXPs17LhbZVGedAJv8XZ1tvj5FvSg=="
    },
    "node_modules/marked": {
      "version": "3.0.8",
      "resolved": "https://registry.npmjs.org/marked/-/marked-3.0.8.tgz",
      "integrity": "sha512-0gVrAjo5m0VZSJb4rpL59K1unJAMb/hm8HRXqasD8VeC8m91ytDPMritgFSlKonfdt+rRYYpP/JfLxgIX8yoSw==",
      "bin": {
        "marked": "bin/marked"
      },
      "engines": {
        "node": ">= 12"
      }
    },
    "node_modules/minimatch": {
      "version": "3.0.4",
      "resolved": "https://registry.npmjs.org/minimatch/-/minimatch-3.0.4.tgz",
      "integrity": "sha512-yJHVQEhyqPLUTgt9B83PXu6W3rx4MvvHvSUvToogpwoGDOUQ+yDrR0HRot+yOCdCO7u4hX3pWft6kWBBcqh0UA==",
      "dependencies": {
        "brace-expansion": "^1.1.7"
      },
      "engines": {
        "node": "*"
      }
    },
    "node_modules/ms": {
      "version": "2.0.0",
      "resolved": "https://registry.npmjs.org/ms/-/ms-2.0.0.tgz",
      "integrity": "sha1-VgiurfwAvmwpAd9fmGF4jeDVl8g="
    },
    "node_modules/mustache": {
      "version": "4.2.0",
      "resolved": "https://registry.npmjs.org/mustache/-/mustache-4.2.0.tgz",
      "integrity": "sha512-71ippSywq5Yb7/tVYyGbkBggbU8H3u5Rz56fH60jGFgr8uHwxs+aSKeqmluIVzM0m0kB7xQjKS6qPfd0b2ZoqQ==",
      "bin": {
        "mustache": "bin/mustache"
      }
    },
    "node_modules/noop6": {
      "version": "1.0.9",
      "resolved": "https://registry.npmjs.org/noop6/-/noop6-1.0.9.tgz",
      "integrity": "sha512-DB3Hwyd89dPr5HqEPg3YHjzvwh/mCqizC1zZ8vyofqc+TQRyPDnT4wgXXbLGF4z9YAzwwTLi8pNLhGqcbSjgkA=="
    },
    "node_modules/obj-flatten": {
      "version": "2.0.6",
      "resolved": "https://registry.npmjs.org/obj-flatten/-/obj-flatten-2.0.6.tgz",
      "integrity": "sha512-8YwtBQWXa1Bj1ZBLX+c9DcOaaJJoup3mhcz4BQ1+p7HPa8xnNvaPrGRO1Pu3oSrpPlANUFaFlh/YDADz/WxljA==",
      "dependencies": {
        "iterate-object": "^1.3.1",
        "typpy": "^2.3.1"
      }
    },
    "node_modules/once": {
      "version": "1.4.0",
      "resolved": "https://registry.npmjs.org/once/-/once-1.4.0.tgz",
      "integrity": "sha1-WDsap3WWHUsROsF9nFC6753Xa9E=",
      "dependencies": {
        "wrappy": "1"
      }
    },
    "node_modules/ono": {
      "version": "1.0.22",
      "resolved": "https://registry.npmjs.org/ono/-/ono-1.0.22.tgz",
      "integrity": "sha1-X07L6n49PpcsCgOj/X82E2hgSmg="
    },
    "node_modules/path-is-absolute": {
      "version": "1.0.1",
      "resolved": "https://registry.npmjs.org/path-is-absolute/-/path-is-absolute-1.0.1.tgz",
      "integrity": "sha1-F0uSaHNVNP+8es5r9TpanhtcX18=",
      "engines": {
        "node": ">=0.10.0"
      }
    },
    "node_modules/postman-to-openapi": {
      "version": "1.19.0",
      "resolved": "https://registry.npmjs.org/postman-to-openapi/-/postman-to-openapi-1.19.0.tgz",
      "integrity": "sha512-N5Jq8WTNK0L4INIXRf9KTlXv0Wsz59aZ2JxNhuGXtVD5IUSMh6ZMMUgLI1AVxIMlzvgwEUlRmqpCRsD7g25nKg==",
      "dependencies": {
        "commander": "^8.3.0",
        "js-yaml": "^4.1.0",
        "marked": "^3.0.8",
        "mustache": "^4.2.0"
      },
      "bin": {
        "p2o": "bin/cli.js"
      },
      "engines": {
        "node": ">=10 <17"
      }
    },
    "node_modules/sprintf-js": {
      "version": "1.0.3",
      "resolved": "https://registry.npmjs.org/sprintf-js/-/sprintf-js-1.0.3.tgz",
      "integrity": "sha1-BOaSb2YolTVPPdAVIDYzuFcpfiw="
    },
    "node_modules/type-of-is": {
      "version": "3.5.1",
      "resolved": "https://registry.npmjs.org/type-of-is/-/type-of-is-3.5.1.tgz",
      "integrity": "sha1-7sL8ibgo2/mQDrZBbu4w9P4PzTE=",
      "engines": {
        "node": ">=0.10.5"
      }
    },
    "node_modules/typpy": {
      "version": "2.3.13",
      "resolved": "https://registry.npmjs.org/typpy/-/typpy-2.3.13.tgz",
      "integrity": "sha512-vOxIcQz9sxHi+rT09SJ5aDgVgrPppQjwnnayTrMye1ODaU8gIZTDM19t9TxmEElbMihx2Nq/0/b/MtyKfayRqA==",
      "dependencies": {
        "function.name": "^1.0.3"
      }
    },
    "node_modules/wrappy": {
      "version": "1.0.2",
      "resolved": "https://registry.npmjs.org/wrappy/-/wrappy-1.0.2.tgz",
      "integrity": "sha1-tSQ9jz7BqjXxNkYFvA0QNuMKtp8="
    },
    "node_modules/yamljs": {
      "version": "0.3.0",
      "resolved": "https://registry.npmjs.org/yamljs/-/yamljs-0.3.0.tgz",
      "integrity": "sha512-C/FsVVhht4iPQYXOInoxUM/1ELSf9EsgKH34FofQOp6hwCPrW4vG4w5++TED3xRUo8gD7l0P1J1dLlDYzODsTQ==",
      "dependencies": {
        "argparse": "^1.0.7",
        "glob": "^7.0.5"
      },
      "bin": {
        "json2yaml": "bin/json2yaml",
        "yaml2json": "bin/yaml2json"
      }
    },
    "node_modules/yamljs/node_modules/argparse": {
      "version": "1.0.10",
      "resolved": "https://registry.npmjs.org/argparse/-/argparse-1.0.10.tgz",
      "integrity": "sha512-o5Roy6tNG4SL/FOkCAN6RzjiakZS25RLYFrcMttJqbdd8BWrnA+fGz57iN5Pb06pvBGvl5gQ0B48dJlslXvoTg==",
      "dependencies": {
        "sprintf-js": "~1.0.2"
      }
    }
  },
  "dependencies": {
    "argparse": {
      "version": "2.0.1",
      "resolved": "https://registry.npmjs.org/argparse/-/argparse-2.0.1.tgz",
      "integrity": "sha512-8+9WqebbFzpX9OR+Wa6O29asIogeRMzcGtAINdpMHHyAg10f05aSFVBbcEqGf/PXw1EjAZ+q2/bEBg3DvurK3Q=="
    },
    "balanced-match": {
      "version": "1.0.2",
      "resolved": "https://registry.npmjs.org/balanced-match/-/balanced-match-1.0.2.tgz",
      "integrity": "sha512-3oSeUO0TMV67hN1AmbXsK4yaqU7tjiHlbxRDZOpH0KW9+CeX4bRAaX0Anxt0tx2MrpRpWwQaPwIlISEJhYU5Pw=="
    },
    "brace-expansion": {
      "version": "1.1.11",
      "resolved": "https://registry.npmjs.org/brace-expansion/-/brace-expansion-1.1.11.tgz",
      "integrity": "sha512-iCuPHDFgrHX7H2vEI/5xpz07zSHB00TpugqhmYtVmMO6518mCuRMoOYFldEBl0g187ufozdaHgWKcYFb61qGiA==",
      "requires": {
        "balanced-match": "^1.0.0",
        "concat-map": "0.0.1"
      }
    },
    "colors": {
      "version": "1.4.0",
      "resolved": "https://registry.npmjs.org/colors/-/colors-1.4.0.tgz",
      "integrity": "sha512-a+UqTh4kgZg/SlGvfbzDHpgRu7AAQOmmqRHJnxhRZICKFUT91brVhNNt58CMWU9PsBbv3PDCZUHbVxuDiH2mtA=="
    },
    "commander": {
      "version": "8.3.0",
      "resolved": "https://registry.npmjs.org/commander/-/commander-8.3.0.tgz",
      "integrity": "sha512-OkTL9umf+He2DZkUq8f8J9of7yL6RJKI24dVITBmNfZBmri9zYZQrKkuXiKhyfPSu8tUhnVBB1iKXevvnlR4Ww=="
    },
    "concat-map": {
      "version": "0.0.1",
      "resolved": "https://registry.npmjs.org/concat-map/-/concat-map-0.0.1.tgz",
      "integrity": "sha1-2Klr13/Wjfd5OnMDajug1UBdR3s="
    },
    "debug": {
      "version": "2.6.9",
      "resolved": "https://registry.npmjs.org/debug/-/debug-2.6.9.tgz",
      "integrity": "sha512-bC7ElrdJaJnPbAP+1EotYvqZsb3ecl5wi6Bfi6BJTUcNowp6cvspg0jXznRTKDjm/E7AdgFBVeAPVMNcKGsHMA==",
      "requires": {
        "ms": "2.0.0"
      }
    },
    "es6-promise": {
      "version": "3.3.1",
      "resolved": "https://registry.npmjs.org/es6-promise/-/es6-promise-3.3.1.tgz",
      "integrity": "sha1-oIzd6EzNvzTQJ6FFG8kdS80ophM="
    },
    "esprima": {
      "version": "4.0.1",
      "resolved": "https://registry.npmjs.org/esprima/-/esprima-4.0.1.tgz",
      "integrity": "sha512-eGuFFw7Upda+g4p+QHvnW0RyTX/SVeJBDM/gCtMARO0cLuT2HcEKnTPvhjV6aGeqrCB/sbNop0Kszm0jsaWU4A=="
    },
    "fs.realpath": {
      "version": "1.0.0",
      "resolved": "https://registry.npmjs.org/fs.realpath/-/fs.realpath-1.0.0.tgz",
      "integrity": "sha1-FQStJSMVjKpA20onh8sBQRmU6k8="
    },
    "function.name": {
      "version": "1.0.13",
      "resolved": "https://registry.npmjs.org/function.name/-/function.name-1.0.13.tgz",
      "integrity": "sha512-mVrqdoy5npWZyoXl4DxCeuVF6delDcQjVS9aPdvLYlBxtMTZDR2B5GVEQEoM1jJyspCqg3C0v4ABkLE7tp9xFA==",
      "requires": {
        "noop6": "^1.0.1"
      }
    },
    "generate-schema": {
      "version": "2.6.0",
      "resolved": "https://registry.npmjs.org/generate-schema/-/generate-schema-2.6.0.tgz",
      "integrity": "sha512-EUBKfJNzT8f91xUk5X5gKtnbdejZeE065UAJ3BCzE8VEbvwKI9Pm5jaWmqVeK1MYc1g5weAVFDTSJzN7ymtTqA==",
      "requires": {
        "commander": "^2.9.0",
        "type-of-is": "^3.4.0"
      },
      "dependencies": {
        "commander": {
          "version": "2.20.3",
          "resolved": "https://registry.npmjs.org/commander/-/commander-2.20.3.tgz",
          "integrity": "sha512-GpVkmM8vF2vQUkj2LvZmD35JxeJOLCwJ9cUkugyk2nuhbv3+mJvpLYYt+0+USMxE+oj+ey/lJEnhZw75x/OMcQ=="
        }
      }
    },
    "glob": {
      "version": "7.2.0",
      "resolved": "https://registry.npmjs.org/glob/-/glob-7.2.0.tgz",
      "integrity": "sha512-lmLf6gtyrPq8tTjSmrO94wBeQbFR3HbLHbuyD69wuyQkImp2hWqMGB47OX65FBkPffO641IP9jWa1z4ivqG26Q==",
      "requires": {
        "fs.realpath": "^1.0.0",
        "inflight": "^1.0.4",
        "inherits": "2",
        "minimatch": "^3.0.4",
        "once": "^1.3.0",
        "path-is-absolute": "^1.0.0"
      }
    },
    "inflight": {
      "version": "1.0.6",
      "resolved": "https://registry.npmjs.org/inflight/-/inflight-1.0.6.tgz",
      "integrity": "sha1-Sb1jMdfQLQwJvJEKEHW6gWW1bfk=",
      "requires": {
        "once": "^1.3.0",
        "wrappy": "1"
      }
    },
    "inherits": {
      "version": "2.0.4",
      "resolved": "https://registry.npmjs.org/inherits/-/inherits-2.0.4.tgz",
      "integrity": "sha512-k/vGaX4/Yla3WzyMCvTQOXYeIHvqOKtnqBduzTHpzpQZzAskKMhZ2K+EnBiSM9zGSoIFeMpXKxa4dYeZIQqewQ=="
    },
    "iterate-object": {
      "version": "1.3.4",
      "resolved": "https://registry.npmjs.org/iterate-object/-/iterate-object-1.3.4.tgz",
      "integrity": "sha512-4dG1D1x/7g8PwHS9aK6QV5V94+ZvyP4+d19qDv43EzImmrndysIl4prmJ1hWWIGCqrZHyaHBm6BSEWHOLnpoNw=="
    },
    "js-yaml": {
      "version": "4.1.0",
      "resolved": "https://registry.npmjs.org/js-yaml/-/js-yaml-4.1.0.tgz",
      "integrity": "sha512-wpxZs9NoxZaJESJGIZTyDEaYpl0FKSA+FB9aJiyemKhMwkxQg63h4T1KJgUGHpTqPDNRcmmYLugrRjJlBtWvRA==",
      "requires": {
        "argparse": "^2.0.1"
      }
    },
    "json-schema-ref-parser": {
      "version": "1.0.3",
      "resolved": "https://registry.npmjs.org/json-schema-ref-parser/-/json-schema-ref-parser-1.0.3.tgz",
      "integrity": "sha1-BqPNTjeeLzoKKs6cI9qo4jFOJ7k=",
      "requires": {
        "debug": "^2.2.0",
        "es6-promise": "^3.0.2",
        "js-yaml": "^3.4.2",
        "ono": "^1.0.22"
      },
      "dependencies": {
        "argparse": {
          "version": "1.0.10",
          "resolved": "https://registry.npmjs.org/argparse/-/argparse-1.0.10.tgz",
          "integrity": "sha512-o5Roy6tNG4SL/FOkCAN6RzjiakZS25RLYFrcMttJqbdd8BWrnA+fGz57iN5Pb06pvBGvl5gQ0B48dJlslXvoTg==",
          "requires": {
            "sprintf-js": "~1.0.2"
          }
        },
        "js-yaml": {
          "version": "3.14.1",
          "resolved": "https://registry.npmjs.org/js-yaml/-/js-yaml-3.14.1.tgz",
          "integrity": "sha512-okMH7OXXJ7YrN9Ok3/SXrnu4iX9yOk+25nqX4imS2npuvTYDmo/QEZoqwZkYaIDk3jVvBOTOIEgEhaLOynBS9g==",
          "requires": {
            "argparse": "^1.0.7",
            "esprima": "^4.0.0"
          }
        }
      }
    },
    "lodash": {
      "version": "4.17.21",
      "resolved": "https://registry.npmjs.org/lodash/-/lodash-4.17.21.tgz",
      "integrity": "sha512-v2kDEe57lecTulaDIuNTPy3Ry4gLGJ6Z1O3vE1krgXZNrsQ+LFTGHVxVjcXPs17LhbZVGedAJv8XZ1tvj5FvSg=="
    },
    "marked": {
      "version": "3.0.8",
      "resolved": "https://registry.npmjs.org/marked/-/marked-3.0.8.tgz",
      "integrity": "sha512-0gVrAjo5m0VZSJb4rpL59K1unJAMb/hm8HRXqasD8VeC8m91ytDPMritgFSlKonfdt+rRYYpP/JfLxgIX8yoSw=="
    },
    "minimatch": {
      "version": "3.0.4",
      "resolved": "https://registry.npmjs.org/minimatch/-/minimatch-3.0.4.tgz",
      "integrity": "sha512-yJHVQEhyqPLUTgt9B83PXu6W3rx4MvvHvSUvToogpwoGDOUQ+yDrR0HRot+yOCdCO7u4hX3pWft6kWBBcqh0UA==",
      "requires": {
        "brace-expansion": "^1.1.7"
      }
    },
    "ms": {
      "version": "2.0.0",
      "resolved": "https://registry.npmjs.org/ms/-/ms-2.0.0.tgz",
      "integrity": "sha1-VgiurfwAvmwpAd9fmGF4jeDVl8g="
    },
    "mustache": {
      "version": "4.2.0",
      "resolved": "https://registry.npmjs.org/mustache/-/mustache-4.2.0.tgz",
      "integrity": "sha512-71ippSywq5Yb7/tVYyGbkBggbU8H3u5Rz56fH60jGFgr8uHwxs+aSKeqmluIVzM0m0kB7xQjKS6qPfd0b2ZoqQ=="
    },
    "noop6": {
      "version": "1.0.9",
      "resolved": "https://registry.npmjs.org/noop6/-/noop6-1.0.9.tgz",
      "integrity": "sha512-DB3Hwyd89dPr5HqEPg3YHjzvwh/mCqizC1zZ8vyofqc+TQRyPDnT4wgXXbLGF4z9YAzwwTLi8pNLhGqcbSjgkA=="
    },
    "obj-flatten": {
      "version": "2.0.6",
      "resolved": "https://registry.npmjs.org/obj-flatten/-/obj-flatten-2.0.6.tgz",
      "integrity": "sha512-8YwtBQWXa1Bj1ZBLX+c9DcOaaJJoup3mhcz4BQ1+p7HPa8xnNvaPrGRO1Pu3oSrpPlANUFaFlh/YDADz/WxljA==",
      "requires": {
        "iterate-object": "^1.3.1",
        "typpy": "^2.3.1"
      }
    },
    "once": {
      "version": "1.4.0",
      "resolved": "https://registry.npmjs.org/once/-/once-1.4.0.tgz",
      "integrity": "sha1-WDsap3WWHUsROsF9nFC6753Xa9E=",
      "requires": {
        "wrappy": "1"
      }
    },
    "ono": {
      "version": "1.0.22",
      "resolved": "https://registry.npmjs.org/ono/-/ono-1.0.22.tgz",
      "integrity": "sha1-X07L6n49PpcsCgOj/X82E2hgSmg="
    },
    "path-is-absolute": {
      "version": "1.0.1",
      "resolved": "https://registry.npmjs.org/path-is-absolute/-/path-is-absolute-1.0.1.tgz",
      "integrity": "sha1-F0uSaHNVNP+8es5r9TpanhtcX18="
    },
    "postman-to-openapi": {
      "version": "1.19.0",
      "resolved": "https://registry.npmjs.org/postman-to-openapi/-/postman-to-openapi-1.19.0.tgz",
      "integrity": "sha512-N5Jq8WTNK0L4INIXRf9KTlXv0Wsz59aZ2JxNhuGXtVD5IUSMh6ZMMUgLI1AVxIMlzvgwEUlRmqpCRsD7g25nKg==",
      "requires": {
        "commander": "^8.3.0",
        "js-yaml": "^4.1.0",
        "marked": "^3.0.8",
        "mustache": "^4.2.0"
      }
    },
    "sprintf-js": {
      "version": "1.0.3",
      "resolved": "https://registry.npmjs.org/sprintf-js/-/sprintf-js-1.0.3.tgz",
      "integrity": "sha1-BOaSb2YolTVPPdAVIDYzuFcpfiw="
    },
    "type-of-is": {
      "version": "3.5.1",
      "resolved": "https://registry.npmjs.org/type-of-is/-/type-of-is-3.5.1.tgz",
      "integrity": "sha1-7sL8ibgo2/mQDrZBbu4w9P4PzTE="
    },
    "typpy": {
      "version": "2.3.13",
      "resolved": "https://registry.npmjs.org/typpy/-/typpy-2.3.13.tgz",
      "integrity": "sha512-vOxIcQz9sxHi+rT09SJ5aDgVgrPppQjwnnayTrMye1ODaU8gIZTDM19t9TxmEElbMihx2Nq/0/b/MtyKfayRqA==",
      "requires": {
        "function.name": "^1.0.3"
      }
    },
    "wrappy": {
      "version": "1.0.2",
      "resolved": "https://registry.npmjs.org/wrappy/-/wrappy-1.0.2.tgz",
      "integrity": "sha1-tSQ9jz7BqjXxNkYFvA0QNuMKtp8="
    },
    "yamljs": {
      "version": "0.3.0",
      "resolved": "https://registry.npmjs.org/yamljs/-/yamljs-0.3.0.tgz",
      "integrity": "sha512-C/FsVVhht4iPQYXOInoxUM/1ELSf9EsgKH34FofQOp6hwCPrW4vG4w5++TED3xRUo8gD7l0P1J1dLlDYzODsTQ==",
      "requires": {
        "argparse": "^1.0.7",
        "glob": "^7.0.5"
      },
      "dependencies": {
        "argparse": {
          "version": "1.0.10",
          "resolved": "https://registry.npmjs.org/argparse/-/argparse-1.0.10.tgz",
          "integrity": "sha512-o5Roy6tNG4SL/FOkCAN6RzjiakZS25RLYFrcMttJqbdd8BWrnA+fGz57iN5Pb06pvBGvl5gQ0B48dJlslXvoTg==",
          "requires": {
            "sprintf-js": "~1.0.2"
          }
        }
      }
    }
  }
}
